
Microsoft Visual Studio Solution File, Format Version 12.00
Project("{FAE04EC0-301F-11D3-BF4B-00C04F79EFBC}") = "StringB", "StringB\StringB.csproj", "{D243D03C-72DE-454E-94D2-181671B8261E}"
EndProject
Global
	GlobalSection(SolutionConfigurationPlatforms) = preSolution
		Debug|Any CPU = Debug|Any CPU
		Release|Any CPU = Release|Any CPU
	EndGlobalSection
	GlobalSection(ProjectConfigurationPlatforms) = postSolution
		{D243D03C-72DE-454E-94D2-181671B8261E}.Debug|Any CPU.ActiveCfg = Debug|Any CPU
		{D243D03C-72DE-454E-94D2-181671B8261E}.Debug|Any CPU.Build.0 = Debug|Any CPU
		{D243D03C-72DE-454E-94D2-181671B8261E}.Release|Any CPU.ActiveCfg = Release|Any CPU
		{D243D03C-72DE-454E-94D2-181671B8261E}.Release|Any CPU.Build.0 = Release|Any CPU
	EndGlobalSection
EndGlobal
